
Microsoft Visual Studio Solution File, Format Version 12.00
# Visual Studio 15
Project("{FAE04EC0-301F-11D3-BF4B-00C04F79EFBC}") = "Spitzer.Android", "Spitzer.Android\Spitzer.Android.csproj", "{6568588F-48AE-47E7-8F38-35F4FA49166F}"
EndProject
Project("{FAE04EC0-301F-11D3-BF4B-00C04F79EFBC}") = "Spitzer.iOS", "Spitzer.iOS\Spitzer.iOS.csproj", "{96A8E65E-8A92-4972-BF69-39F31CC29547}"
EndProject
Project("{FAE04EC0-301F-11D3-BF4B-00C04F79EFBC}") = "Spitzer.UITests", "Spitzer.UITests\Spitzer.UITests.csproj", "{3A482287-20D0-4672-B1F0-DAAAD44D148E}"
EndProject
Project("{FAE04EC0-301F-11D3-BF4B-00C04F79EFBC}") = "Spitzer", "Spitzer\Spitzer.csproj", "{B0E4B4B2-4FCD-468F-9B10-BC6F2232FB61}"
EndProject
Project("{2150E333-8FDC-42A3-9474-1A3956D46DE8}") = "Solution Items", "Solution Items", "{13EF22CA-A4D2-450A-8B30-D69F86D528F3}"
	ProjectSection(SolutionItems) = preProject
		README.md = README.md
	EndProjectSection
EndProject
Global
	GlobalSection(SolutionConfigurationPlatforms) = preSolution
		Debug|Any CPU = Debug|Any CPU
		Release|Any CPU = Release|Any CPU
		Debug|iPhoneSimulator = Debug|iPhoneSimulator
		Release|iPhoneSimulator = Release|iPhoneSimulator
		Debug|iPhone = Debug|iPhone
		Release|iPhone = Release|iPhone
	EndGlobalSection
	GlobalSection(ProjectConfigurationPlatforms) = postSolution
		{6568588F-48AE-47E7-8F38-35F4FA49166F}.Debug|Any CPU.ActiveCfg = Debug|Any CPU
		{6568588F-48AE-47E7-8F38-35F4FA49166F}.Debug|Any CPU.Build.0 = Debug|Any CPU
		{6568588F-48AE-47E7-8F38-35F4FA49166F}.Release|Any CPU.ActiveCfg = Release|Any CPU
		{6568588F-48AE-47E7-8F38-35F4FA49166F}.Release|Any CPU.Build.0 = Release|Any CPU
		{6568588F-48AE-47E7-8F38-35F4FA49166F}.Debug|iPhoneSimulator.ActiveCfg = Debug|Any CPU
		{6568588F-48AE-47E7-8F38-35F4FA49166F}.Debug|iPhoneSimulator.Build.0 = Debug|Any CPU
		{6568588F-48AE-47E7-8F38-35F4FA49166F}.Release|iPhoneSimulator.ActiveCfg = Release|Any CPU
		{6568588F-48AE-47E7-8F38-35F4FA49166F}.Release|iPhoneSimulator.Build.0 = Release|Any CPU
		{6568588F-48AE-47E7-8F38-35F4FA49166F}.Debug|iPhone.ActiveCfg = Debug|Any CPU
		{6568588F-48AE-47E7-8F38-35F4FA49166F}.Debug|iPhone.Build.0 = Debug|Any CPU
		{6568588F-48AE-47E7-8F38-35F4FA49166F}.Release|iPhone.ActiveCfg = Release|Any CPU
		{6568588F-48AE-47E7-8F38-35F4FA49166F}.Release|iPhone.Build.0 = Release|Any CPU
		{96A8E65E-8A92-4972-BF69-39F31CC29547}.Debug|Any CPU.ActiveCfg = Debug|iPhoneSimulator
		{96A8E65E-8A92-4972-BF69-39F31CC29547}.Debug|Any CPU.Build.0 = Debug|iPhoneSimulator
		{96A8E65E-8A92-4972-BF69-39F31CC29547}.Release|Any CPU.ActiveCfg = Release|iPhoneSimulator
		{96A8E65E-8A92-4972-BF69-39F31CC29547}.Release|Any CPU.Build.0 = Release|iPhoneSimulator
		{96A8E65E-8A92-4972-BF69-39F31CC29547}.Debug|iPhoneSimulator.ActiveCfg = Debug|iPhoneSimulator
		{96A8E65E-8A92-4972-BF69-39F31CC29547}.Debug|iPhoneSimulator.Build.0 = Debug|iPhoneSimulator
		{96A8E65E-8A92-4972-BF69-39F31CC29547}.Release|iPhoneSimulator.ActiveCfg = Release|iPhoneSimulator
		{96A8E65E-8A92-4972-BF69-39F31CC29547}.Release|iPhoneSimulator.Build.0 = Release|iPhoneSimulator
		{96A8E65E-8A92-4972-BF69-39F31CC29547}.Debug|iPhone.ActiveCfg = Debug|iPhone
		{96A8E65E-8A92-4972-BF69-39F31CC29547}.Debug|iPhone.Build.0 = Debug|iPhone
		{96A8E65E-8A92-4972-BF69-39F31CC29547}.Release|iPhone.ActiveCfg = Release|iPhone
		{96A8E65E-8A92-4972-BF69-39F31CC29547}.Release|iPhone.Build.0 = Release|iPhone
		{3A482287-20D0-4672-B1F0-DAAAD44D148E}.Debug|Any CPU.ActiveCfg = Debug|Any CPU
		{3A482287-20D0-4672-B1F0-DAAAD44D148E}.Debug|Any CPU.Build.0 = Debug|Any CPU
		{3A482287-20D0-4672-B1F0-DAAAD44D148E}.Release|Any CPU.ActiveCfg = Release|Any CPU
		{3A482287-20D0-4672-B1F0-DAAAD44D148E}.Release|Any CPU.Build.0 = Release|Any CPU
		{3A482287-20D0-4672-B1F0-DAAAD44D148E}.Debug|iPhoneSimulator.ActiveCfg = Debug|Any CPU
		{3A482287-20D0-4672-B1F0-DAAAD44D148E}.Debug|iPhoneSimulator.Build.0 = Debug|Any CPU
		{3A482287-20D0-4672-B1F0-DAAAD44D148E}.Release|iPhoneSimulator.ActiveCfg = Release|Any CPU
		{3A482287-20D0-4672-B1F0-DAAAD44D148E}.Release|iPhoneSimulator.Build.0 = Release|Any CPU
		{3A482287-20D0-4672-B1F0-DAAAD44D148E}.Debug|iPhone.ActiveCfg = Debug|Any CPU
		{3A482287-20D0-4672-B1F0-DAAAD44D148E}.Debug|iPhone.Build.0 = Debug|Any CPU
		{3A482287-20D0-4672-B1F0-DAAAD44D148E}.Release|iPhone.ActiveCfg = Release|Any CPU
		{3A482287-20D0-4672-B1F0-DAAAD44D148E}.Release|iPhone.Build.0 = Release|Any CPU
		{B0E4B4B2-4FCD-468F-9B10-BC6F2232FB61}.Debug|Any CPU.ActiveCfg = Debug|Any CPU
		{B0E4B4B2-4FCD-468F-9B10-BC6F2232FB61}.Debug|Any CPU.Build.0 = Debug|Any CPU
		{B0E4B4B2-4FCD-468F-9B10-BC6F2232FB61}.Release|Any CPU.ActiveCfg = Release|Any CPU
		{B0E4B4B2-4FCD-468F-9B10-BC6F2232FB61}.Release|Any CPU.Build.0 = Release|Any CPU
		{B0E4B4B2-4FCD-468F-9B10-BC6F2232FB61}.Debug|iPhoneSimulator.ActiveCfg = Debug|Any CPU
		{B0E4B4B2-4FCD-468F-9B10-BC6F2232FB61}.Debug|iPhoneSimulator.Build.0 = Debug|Any CPU
		{B0E4B4B2-4FCD-468F-9B10-BC6F2232FB61}.Release|iPhoneSimulator.ActiveCfg = Release|Any CPU
		{B0E4B4B2-4FCD-468F-9B10-BC6F2232FB61}.Release|iPhoneSimulator.Build.0 = Release|Any CPU
		{B0E4B4B2-4FCD-468F-9B10-BC6F2232FB61}.Debug|iPhone.ActiveCfg = Debug|Any CPU
		{B0E4B4B2-4FCD-468F-9B10-BC6F2232FB61}.Debug|iPhone.Build.0 = Debug|Any CPU
		{B0E4B4B2-4FCD-468F-9B10-BC6F2232FB61}.Release|iPhone.ActiveCfg = Release|Any CPU
		{B0E4B4B2-4FCD-468F-9B10-BC6F2232FB61}.Release|iPhone.Build.0 = Release|Any CPU
	EndGlobalSection
EndGlobal
